
Microsoft Visual Studio Solution File, Format Version 12.00
# Visual Studio 15
VisualStudioVersion = 15.0.28307.902
MinimumVisualStudioVersion = 10.0.40219.1
Project("{FAE04EC0-301F-11D3-BF4B-00C04F79EFBC}") = "nCoreCMSBL", "nCoreCMSBL\nCoreCMSBL.csproj", "{F264D2D3-512B-4828-BE78-A6A3D1DA3546}"
EndProject
Project("{FAE04EC0-301F-11D3-BF4B-00C04F79EFBC}") = "EmiratesWebApi", "EmiratesWebApi\EmiratesWebApi.csproj", "{8186CD47-FC97-408B-9067-48AC8B99A65F}"
EndProject
Global
	GlobalSection(SolutionConfigurationPlatforms) = preSolution
		Debug|Any CPU = Debug|Any CPU
		Release|Any CPU = Release|Any CPU
	EndGlobalSection
	GlobalSection(ProjectConfigurationPlatforms) = postSolution
		{F264D2D3-512B-4828-BE78-A6A3D1DA3546}.Debug|Any CPU.ActiveCfg = Debug|Any CPU
		{F264D2D3-512B-4828-BE78-A6A3D1DA3546}.Debug|Any CPU.Build.0 = Debug|Any CPU
		{F264D2D3-512B-4828-BE78-A6A3D1DA3546}.Release|Any CPU.ActiveCfg = Release|Any CPU
		{F264D2D3-512B-4828-BE78-A6A3D1DA3546}.Release|Any CPU.Build.0 = Release|Any CPU
		{8186CD47-FC97-408B-9067-48AC8B99A65F}.Debug|Any CPU.ActiveCfg = Debug|Any CPU
		{8186CD47-FC97-408B-9067-48AC8B99A65F}.Debug|Any CPU.Build.0 = Debug|Any CPU
		{8186CD47-FC97-408B-9067-48AC8B99A65F}.Release|Any CPU.ActiveCfg = Release|Any CPU
		{8186CD47-FC97-408B-9067-48AC8B99A65F}.Release|Any CPU.Build.0 = Release|Any CPU
	EndGlobalSection
	GlobalSection(SolutionProperties) = preSolution
		HideSolutionNode = FALSE
	EndGlobalSection
	GlobalSection(ExtensibilityGlobals) = postSolution
		SolutionGuid = {406680F3-68DD-44CA-B1BA-32BFD59F0A3C}
	EndGlobalSection
EndGlobal
